version = 1
revision = 3
requires-python = "==3.14.3"

[[package]]
name = "advent-of-code"
version = "0.1.0"
source = { virtual = "." }

[package.dev-dependencies]
dev = [
    { name = "mypy" },
    { name = "pytest" },
    { name = "ruff" },
    { name = "tox" },
    { name = "tox-uv" },
]

[package.metadata]

[package.metadata.requires-dev]
dev = [
    { name = "mypy", specifier = "==1.19.1" },
    { name = "pytest", specifier = "==9.0.2" },
    { name = "ruff", specifier = "==0.15.1" },
    { name = "tox", specifier = "==4.40.0" },
    { name = "tox-uv", specifier = "==1.29.0" },
]

[[package]]
name = "cachetools"
version = "7.0.1"
source = { registry = "https://pypi.org/simple" }
sdist = { url = "https://files.pythonhosted.org/packages/d4/07/56595285564e90777d758ebd383d6b0b971b87729bbe2184a849932a3736/cachetools-7.0.1.tar.gz", hash = "sha256:e31e579d2c5b6e2944177a0397150d312888ddf4e16e12f1016068f0c03b8341", size = 36126, upload-time = "2026-02-10T22:24:05.03Z" }
wheels = [
    { url = "https://files.pythonhosted.org/packages/ed/9e/5faefbf9db1db466d633735faceda1f94aa99ce506ac450d232536266b32/cachetools-7.0.1-py3-none-any.whl", hash = "sha256:8f086515c254d5664ae2146d14fc7f65c9a4bce75152eb247e5a9c5e6d7b2ecf", size = 13484, upload-time = "2026-02-10T22:24:03.741Z" },
]

[[package]]
name = "chardet"
version = "5.2.0"
source = { registry = "https://pypi.org/simple" }
sdist = { url = "https://files.pythonhosted.org/packages/f3/0d/f7b6ab21ec75897ed80c17d79b15951a719226b9fababf1e40ea74d69079/chardet-5.2.0.tar.gz", hash = "sha256:1b3b6ff479a8c414bc3fa2c0852995695c4a026dcd6d0633b2dd092ca39c1cf7", size = 2069618, upload-time = "2023-08-01T19:23:02.662Z" }
wheels = [
    { url = "https://files.pythonhosted.org/packages/38/6f/f5fbc992a329ee4e0f288c1fe0e2ad9485ed064cac731ed2fe47dcc38cbf/chardet-5.2.0-py3-none-any.whl", hash = "sha256:e1cf59446890a00105fe7b7912492ea04b6e6f06d4b742b2c788469e34c82970", size = 199385, upload-time = "2023-08-01T19:23:00.661Z" },
]

[[package]]
name = "colorama"
version = "0.4.6"
source = { registry = "https://pypi.org/simple" }
sdist = { url = "https://files.pythonhosted.org/packages/d8/53/6f443c9a4a8358a93a6792e2acffb9d9d5cb0a5cfd8802644b7b1c9a02e4/colorama-0.4.6.tar.gz", hash = "sha256:08695f5cb7ed6e0531a20572697297273c47b8cae5a63ffc6d6ed5c201be6e44", size = 27697, upload-time = "2022-10-25T02:36:22.414Z" }
wheels = [
    { url = "https://files.pythonhosted.org/packages/d1/d6/3965ed04c63042e047cb6a3e6ed1a63a35087b6a609aa3a15ed8ac56c221/colorama-0.4.6-py2.py3-none-any.whl", hash = "sha256:4f1d9991f5acc0ca119f9d443620b77f9d6b33703e51011c16baf57afb285fc6", size = 25335, upload-time = "2022-10-25T02:36:20.889Z" },
]

[[package]]
name = "distlib"
version = "0.4.0"
source = { registry = "https://pypi.org/simple" }
sdist = { url = "https://files.pythonhosted.org/packages/96/8e/709914eb2b5749865801041647dc7f4e6d00b549cfe88b65ca192995f07c/distlib-0.4.0.tar.gz", hash = "sha256:feec40075be03a04501a973d81f633735b4b69f98b05450592310c0f401a4e0d", size = 614605, upload-time = "2025-07-17T16:52:00.465Z" }
wheels = [
    { url = "https://files.pythonhosted.org/packages/33/6b/e0547afaf41bf2c42e52430072fa5658766e3d65bd4b03a563d1b6336f57/distlib-0.4.0-py2.py3-none-any.whl", hash = "sha256:9659f7d87e46584a30b5780e43ac7a2143098441670ff0a49d5f9034c54a6c16", size = 469047, upload-time = "2025-07-17T16:51:58.613Z" },
]

[[package]]
name = "filelock"
version = "3.24.0"
source = { registry = "https://pypi.org/simple" }
sdist = { url = "https://files.pythonhosted.org/packages/00/cd/fa3ab025a8f9772e8a9146d8fd8eef6d62649274d231ca84249f54a0de4a/filelock-3.24.0.tar.gz", hash = "sha256:aeeab479339ddf463a1cdd1f15a6e6894db976071e5883efc94d22ed5139044b", size = 37166, upload-time = "2026-02-14T16:05:28.723Z" }
wheels = [
    { url = "https://files.pythonhosted.org/packages/d9/dd/d7e7f4f49180e8591c9e1281d15ecf8e7f25eb2c829771d9682f1f9fe0c8/filelock-3.24.0-py3-none-any.whl", hash = "sha256:eebebb403d78363ef7be8e236b63cc6760b0004c7464dceaba3fd0afbd637ced", size = 23977, upload-time = "2026-02-14T16:05:27.578Z" },
]

[[package]]
name = "iniconfig"
version = "2.3.0"
source = { registry = "https://pypi.org/simple" }
sdist = { url = "https://files.pythonhosted.org/packages/72/34/14ca021ce8e5dfedc35312d08ba8bf51fdd999c576889fc2c24cb97f4f10/iniconfig-2.3.0.tar.gz", hash = "sha256:c76315c77db068650d49c5b56314774a7804df16fee4402c1f19d6d15d8c4730", size = 20503, upload-time = "2025-10-18T21:55:43.219Z" }
wheels = [
    { url = "https://files.pythonhosted.org/packages/cb/b1/3846dd7f199d53cb17f49cba7e651e9ce294d8497c8c150530ed11865bb8/iniconfig-2.3.0-py3-none-any.whl", hash = "sha256:f631c04d2c48c52b84d0d0549c99ff3859c98df65b3101406327ecc7d53fbf12", size = 7484, upload-time = "2025-10-18T21:55:41.639Z" },
]

[[package]]
name = "librt"
version = "0.6.3"
source = { registry = "https://pypi.org/simple" }
sdist = { url = "https://files.pythonhosted.org/packages/37/c3/cdff3c10e2e608490dc0a310ccf11ba777b3943ad4fcead2a2ade98c21e1/librt-0.6.3.tar.gz", hash = "sha256:c724a884e642aa2bbad52bb0203ea40406ad742368a5f90da1b220e970384aae", size = 54209, upload-time = "2025-11-29T14:01:56.058Z" }
wheels = [
    { url = "https://files.pythonhosted.org/packages/83/14/c06cb31152182798ed98be73f54932ab984894f5a8fccf9b73130897a938/librt-0.6.3-cp314-cp314-macosx_10_13_x86_64.whl", hash = "sha256:8e695f25d1a425ad7a272902af8ab8c8d66c1998b177e4b5f5e7b4e215d0c88a", size = 27566, upload-time = "2025-11-29T14:01:21.609Z" },
    { url = "https://files.pythonhosted.org/packages/0c/b1/ce83ca7b057b06150519152f53a0b302d7c33c8692ce2f01f669b5a819d9/librt-0.6.3-cp314-cp314-macosx_11_0_arm64.whl", hash = "sha256:3e84a4121a7ae360ca4da436548a9c1ca8ca134a5ced76c893cc5944426164bd", size = 27753, upload-time = "2025-11-29T14:01:22.558Z" },
    { url = "https://files.pythonhosted.org/packages/3b/ec/739a885ef0a2839b6c25f1b01c99149d2cb6a34e933ffc8c051fcd22012e/librt-0.6.3-cp314-cp314-manylinux1_i686.manylinux_2_28_i686.manylinux_2_5_i686.whl", hash = "sha256:05f385a414de3f950886ea0aad8f109650d4b712cf9cc14cc17f5f62a9ab240b", size = 83178, upload-time = "2025-11-29T14:01:23.555Z" },
    { url = "https://files.pythonhosted.org/packages/db/bd/dc18bb1489d48c0911b9f4d72eae2d304ea264e215ba80f1e6ba4a9fc41d/librt-0.6.3-cp314-cp314-manylinux2014_aarch64.manylinux_2_17_aarch64.manylinux_2_28_aarch64.whl", hash = "sha256:36a8e337461150b05ca2c7bdedb9e591dfc262c5230422cea398e89d0c746cdc", size = 87266, upload-time = "2025-11-29T14:01:24.532Z" },
    { url = "https://files.pythonhosted.org/packages/94/f3/d0c5431b39eef15e48088b2d739ad84b17c2f1a22c0345c6d4c4a42b135e/librt-0.6.3-cp314-cp314-manylinux2014_x86_64.manylinux_2_17_x86_64.manylinux_2_28_x86_64.whl", hash = "sha256:dcbe48f6a03979384f27086484dc2a14959be1613cb173458bd58f714f2c48f3", size = 87623, upload-time = "2025-11-29T14:01:25.798Z" },
    { url = "https://files.pythonhosted.org/packages/3b/15/9a52e90834e4bd6ee16cdbaf551cb32227cbaad27398391a189c489318bc/librt-0.6.3-cp314-cp314-musllinux_1_2_aarch64.whl", hash = "sha256:4bca9e4c260233fba37b15c4ec2f78aa99c1a79fbf902d19dd4a763c5c3fb751", size = 89436, upload-time = "2025-11-29T14:01:26.769Z" },
    { url = "https://files.pythonhosted.org/packages/c3/8a/a7e78e46e8486e023c50f21758930ef4793999115229afd65de69e94c9cc/librt-0.6.3-cp314-cp314-musllinux_1_2_i686.whl", hash = "sha256:760c25ed6ac968e24803eb5f7deb17ce026902d39865e83036bacbf5cf242aa8", size = 87540, upload-time = "2025-11-29T14:01:27.756Z" },
    { url = "https://files.pythonhosted.org/packages/49/01/93799044a1cccac31f1074b07c583e181829d240539657e7f305ae63ae2a/librt-0.6.3-cp314-cp314-musllinux_1_2_x86_64.whl", hash = "sha256:4aa4a93a353ccff20df6e34fa855ae8fd788832c88f40a9070e3ddd3356a9f0e", size = 90597, upload-time = "2025-11-29T14:01:29.35Z" },
    { url = "https://files.pythonhosted.org/packages/a7/29/00c7f58b8f8eb1bad6529ffb6c9cdcc0890a27dac59ecda04f817ead5277/librt-0.6.3-cp314-cp314-win32.whl", hash = "sha256:cb92741c2b4ea63c09609b064b26f7f5d9032b61ae222558c55832ec3ad0bcaf", size = 18955, upload-time = "2025-11-29T14:01:30.325Z" },
    { url = "https://files.pythonhosted.org/packages/d7/13/2739e6e197a9f751375a37908a6a5b0bff637b81338497a1bcb5817394da/librt-0.6.3-cp314-cp314-win_amd64.whl", hash = "sha256:fdcd095b1b812d756fa5452aca93b962cf620694c0cadb192cec2bb77dcca9a2", size = 20263, upload-time = "2025-11-29T14:01:31.287Z" },
    { url = "https://files.pythonhosted.org/packages/e1/73/393868fc2158705ea003114a24e73bb10b03bda31e9ad7b5c5ec6575338b/librt-0.6.3-cp314-cp314-win_arm64.whl", hash = "sha256:822ca79e28720a76a935c228d37da6579edef048a17cd98d406a2484d10eda78", size = 19575, upload-time = "2025-11-29T14:01:32.229Z" },
    { url = "https://files.pythonhosted.org/packages/48/6d/3c8ff3dec21bf804a205286dd63fd28dcdbe00b8dd7eb7ccf2e21a40a0b0/librt-0.6.3-cp314-cp314t-macosx_10_13_x86_64.whl", hash = "sha256:078cd77064d1640cb7b0650871a772956066174d92c8aeda188a489b58495179", size = 28732, upload-time = "2025-11-29T14:01:33.165Z" },
    { url = "https://files.pythonhosted.org/packages/f4/90/e214b8b4aa34ed3d3f1040719c06c4d22472c40c5ef81a922d5af7876eb4/librt-0.6.3-cp314-cp314t-macosx_11_0_arm64.whl", hash = "sha256:5cc22f7f5c0cc50ed69f4b15b9c51d602aabc4500b433aaa2ddd29e578f452f7", size = 29065, upload-time = "2025-11-29T14:01:34.088Z" },
    { url = "https://files.pythonhosted.org/packages/ab/90/ef61ed51f0a7770cc703422d907a757bbd8811ce820c333d3db2fd13542a/librt-0.6.3-cp314-cp314t-manylinux1_i686.manylinux_2_28_i686.manylinux_2_5_i686.whl", hash = "sha256:14b345eb7afb61b9fdcdfda6738946bd11b8e0f6be258666b0646af3b9bb5916", size = 93703, upload-time = "2025-11-29T14:01:35.057Z" },
    { url = "https://files.pythonhosted.org/packages/a8/ae/c30bb119c35962cbe9a908a71da99c168056fc3f6e9bbcbc157d0b724d89/librt-0.6.3-cp314-cp314t-manylinux2014_aarch64.manylinux_2_17_aarch64.manylinux_2_28_aarch64.whl", hash = "sha256:6d46aa46aa29b067f0b8b84f448fd9719aaf5f4c621cc279164d76a9dc9ab3e8", size = 98890, upload-time = "2025-11-29T14:01:36.031Z" },
    { url = "https://files.pythonhosted.org/packages/d1/96/47a4a78d252d36f072b79d592df10600d379a895c3880c8cbd2ac699f0ad/librt-0.6.3-cp314-cp314t-manylinux2014_x86_64.manylinux_2_17_x86_64.manylinux_2_28_x86_64.whl", hash = "sha256:1b51ba7d9d5d9001494769eca8c0988adce25d0a970c3ba3f2eb9df9d08036fc", size = 98255, upload-time = "2025-11-29T14:01:37.058Z" },
    { url = "https://files.pythonhosted.org/packages/e5/28/779b5cc3cd9987683884eb5f5672e3251676bebaaae6b7da1cf366eb1da1/librt-0.6.3-cp314-cp314t-musllinux_1_2_aarch64.whl", hash = "sha256:ced0925a18fddcff289ef54386b2fc230c5af3c83b11558571124bfc485b8c07", size = 100769, upload-time = "2025-11-29T14:01:38.413Z" },
    { url = "https://files.pythonhosted.org/packages/28/d7/771755e57c375cb9d25a4e106f570607fd856e2cb91b02418db1db954796/librt-0.6.3-cp314-cp314t-musllinux_1_2_i686.whl", hash = "sha256:6bac97e51f66da2ca012adddbe9fd656b17f7368d439de30898f24b39512f40f", size = 98580, upload-time = "2025-11-29T14:01:39.459Z" },
    { url = "https://files.pythonhosted.org/packages/d0/ec/8b157eb8fbc066339a2f34b0aceb2028097d0ed6150a52e23284a311eafe/librt-0.6.3-cp314-cp314t-musllinux_1_2_x86_64.whl", hash = "sha256:b2922a0e8fa97395553c304edc3bd36168d8eeec26b92478e292e5d4445c1ef0", size = 101706, upload-time = "2025-11-29T14:01:40.474Z" },
    { url = "https://files.pythonhosted.org/packages/82/a8/4aaead9a06c795a318282aebf7d3e3e578fa889ff396e1b640c3be4c7806/librt-0.6.3-cp314-cp314t-win32.whl", hash = "sha256:f33462b19503ba68d80dac8a1354402675849259fb3ebf53b67de86421735a3a", size = 19465, upload-time = "2025-11-29T14:01:41.77Z" },
    { url = "https://files.pythonhosted.org/packages/3a/61/b7e6a02746c1731670c19ba07d86da90b1ae45d29e405c0b5615abf97cde/librt-0.6.3-cp314-cp314t-win_amd64.whl", hash = "sha256:04f8ce401d4f6380cfc42af0f4e67342bf34c820dae01343f58f472dbac75dcf", size = 21042, upload-time = "2025-11-29T14:01:42.865Z" },
    { url = "https://files.pythonhosted.org/packages/0e/3d/72cc9ec90bb80b5b1a65f0bb74a0f540195837baaf3b98c7fa4a7aa9718e/librt-0.6.3-cp314-cp314t-win_arm64.whl", hash = "sha256:afb39550205cc5e5c935762c6bf6a2bb34f7d21a68eadb25e2db7bf3593fecc0", size = 20246, upload-time = "2025-11-29T14:01:44.13Z" },
]

[[package]]
name = "mypy"
version = "1.19.1"
source = { registry = "https://pypi.org/simple" }
dependencies = [
    { name = "librt", marker = "platform_python_implementation != 'PyPy'" },
    { name = "mypy-extensions" },
    { name = "pathspec" },
    { name = "typing-extensions" },
]
sdist = { url = "https://files.pythonhosted.org/packages/f5/db/4efed9504bc01309ab9c2da7e352cc223569f05478012b5d9ece38fd44d2/mypy-1.19.1.tar.gz", hash = "sha256:19d88bb05303fe63f71dd2c6270daca27cb9401c4ca8255fe50d1d920e0eb9ba", size = 3582404, upload-time = "2025-12-15T05:03:48.42Z" }
wheels = [
    { url = "https://files.pythonhosted.org/packages/de/eb/b83e75f4c820c4247a58580ef86fcd35165028f191e7e1ba57128c52782d/mypy-1.19.1-cp314-cp314-macosx_10_15_x86_64.whl", hash = "sha256:06e6170bd5836770e8104c8fdd58e5e725cfeb309f0a6c681a811f557e97eac1", size = 13199744, upload-time = "2025-12-15T05:03:30.823Z" },
    { url = "https://files.pythonhosted.org/packages/94/28/52785ab7bfa165f87fcbb61547a93f98bb20e7f82f90f165a1f69bce7b3d/mypy-1.19.1-cp314-cp314-macosx_11_0_arm64.whl", hash = "sha256:804bd67b8054a85447c8954215a906d6eff9cabeabe493fb6334b24f4bfff718", size = 12215815, upload-time = "2025-12-15T05:02:42.323Z" },
    { url = "https://files.pythonhosted.org/packages/0a/c6/bdd60774a0dbfb05122e3e925f2e9e846c009e479dcec4821dad881f5b52/mypy-1.19.1-cp314-cp314-manylinux2014_aarch64.manylinux_2_17_aarch64.manylinux_2_28_aarch64.whl", hash = "sha256:21761006a7f497cb0d4de3d8ef4ca70532256688b0523eee02baf9eec895e27b", size = 12740047, upload-time = "2025-12-15T05:03:33.168Z" },
    { url = "https://files.pythonhosted.org/packages/32/2a/66ba933fe6c76bd40d1fe916a83f04fed253152f451a877520b3c4a5e41e/mypy-1.19.1-cp314-cp314-manylinux2014_x86_64.manylinux_2_17_x86_64.manylinux_2_28_x86_64.whl", hash = "sha256:28902ee51f12e0f19e1e16fbe2f8f06b6637f482c459dd393efddd0ec7f82045", size = 13601998, upload-time = "2025-12-15T05:03:13.056Z" },
    { url = "https://files.pythonhosted.org/packages/e3/da/5055c63e377c5c2418760411fd6a63ee2b96cf95397259038756c042574f/mypy-1.19.1-cp314-cp314-musllinux_1_2_x86_64.whl", hash = "sha256:481daf36a4c443332e2ae9c137dfee878fcea781a2e3f895d54bd3002a900957", size = 13807476, upload-time = "2025-12-15T05:03:17.977Z" },
    { url = "https://files.pythonhosted.org/packages/cd/09/4ebd873390a063176f06b0dbf1f7783dd87bd120eae7727fa4ae4179b685/mypy-1.19.1-cp314-cp314-win_amd64.whl", hash = "sha256:8bb5c6f6d043655e055be9b542aa5f3bdd30e4f3589163e85f93f3640060509f", size = 10281872, upload-time = "2025-12-15T05:03:05.549Z" },
    { url = "https://files.pythonhosted.org/packages/8d/f4/4ce9a05ce5ded1de3ec1c1d96cf9f9504a04e54ce0ed55cfa38619a32b8d/mypy-1.19.1-py3-none-any.whl", hash = "sha256:f1235f5ea01b7db5468d53ece6aaddf1ad0b88d9e7462b86ef96fe04995d7247", size = 2471239, upload-time = "2025-12-15T05:03:07.248Z" },
]

[[package]]
name = "mypy-extensions"
version = "1.1.0"
source = { registry = "https://pypi.org/simple" }
sdist = { url = "https://files.pythonhosted.org/packages/a2/6e/371856a3fb9d31ca8dac321cda606860fa4548858c0cc45d9d1d4ca2628b/mypy_extensions-1.1.0.tar.gz", hash = "sha256:52e68efc3284861e772bbcd66823fde5ae21fd2fdb51c62a211403730b916558", size = 6343, upload-time = "2025-04-22T14:54:24.164Z" }
wheels = [
    { url = "https://files.pythonhosted.org/packages/79/7b/2c79738432f5c924bef5071f933bcc9efd0473bac3b4aa584a6f7c1c8df8/mypy_extensions-1.1.0-py3-none-any.whl", hash = "sha256:1be4cccdb0f2482337c4743e60421de3a356cd97508abadd57d47403e94f5505", size = 4963, upload-time = "2025-04-22T14:54:22.983Z" },
]

[[package]]
name = "packaging"
version = "26.0"
source = { registry = "https://pypi.org/simple" }
sdist = { url = "https://files.pythonhosted.org/packages/65/ee/299d360cdc32edc7d2cf530f3accf79c4fca01e96ffc950d8a52213bd8e4/packaging-26.0.tar.gz", hash = "sha256:00243ae351a257117b6a241061796684b084ed1c516a08c48a3f7e147a9d80b4", size = 143416, upload-time = "2026-01-21T20:50:39.064Z" }
wheels = [
    { url = "https://files.pythonhosted.org/packages/b7/b9/c538f279a4e237a006a2c98387d081e9eb060d203d8ed34467cc0f0b9b53/packaging-26.0-py3-none-any.whl", hash = "sha256:b36f1fef9334a5588b4166f8bcd26a14e521f2b55e6b9de3aaa80d3ff7a37529", size = 74366, upload-time = "2026-01-21T20:50:37.788Z" },
]

[[package]]
name = "pathspec"
version = "0.12.1"
source = { registry = "https://pypi.org/simple" }
sdist = { url = "https://files.pythonhosted.org/packages/ca/bc/f35b8446f4531a7cb215605d100cd88b7ac6f44ab3fc94870c120ab3adbf/pathspec-0.12.1.tar.gz", hash = "sha256:a482d51503a1ab33b1c67a6c3813a26953dbdc71c31dacaef9a838c4e29f5712", size = 51043, upload-time = "2023-12-10T22:30:45Z" }
wheels = [
    { url = "https://files.pythonhosted.org/packages/cc/20/ff623b09d963f88bfde16306a54e12ee5ea43e9b597108672ff3a408aad6/pathspec-0.12.1-py3-none-any.whl", hash = "sha256:a0d503e138a4c123b27490a4f7beda6a01c6f288df0e4a8b79c7eb0dc7b4cc08", size = 31191, upload-time = "2023-12-10T22:30:43.14Z" },
]

[[package]]
name = "platformdirs"
version = "4.9.1"
source = { registry = "https://pypi.org/simple" }
sdist = { url = "https://files.pythonhosted.org/packages/6c/d5/763666321efaded11112de8b7a7f2273dd8d1e205168e73c334e54b0ab9a/platformdirs-4.9.1.tar.gz", hash = "sha256:f310f16e89c4e29117805d8328f7c10876eeff36c94eac879532812110f7d39f", size = 28392, upload-time = "2026-02-14T21:02:44.973Z" }
wheels = [
    { url = "https://files.pythonhosted.org/packages/70/77/e8c95e95f1d4cdd88c90a96e31980df7e709e51059fac150046ad67fac63/platformdirs-4.9.1-py3-none-any.whl", hash = "sha256:61d8b967d34791c162d30d60737369cbbd77debad5b981c4bfda1842e71e0d66", size = 21307, upload-time = "2026-02-14T21:02:43.492Z" },
]

[[package]]
name = "pluggy"
version = "1.6.0"
source = { registry = "https://pypi.org/simple" }
sdist = { url = "https://files.pythonhosted.org/packages/f9/e2/3e91f31a7d2b083fe6ef3fa267035b518369d9511ffab804f839851d2779/pluggy-1.6.0.tar.gz", hash = "sha256:7dcc130b76258d33b90f61b658791dede3486c3e6bfb003ee5c9bfb396dd22f3", size = 69412, upload-time = "2025-05-15T12:30:07.975Z" }
wheels = [
    { url = "https://files.pythonhosted.org/packages/54/20/4d324d65cc6d9205fabedc306948156824eb9f0ee1633355a8f7ec5c66bf/pluggy-1.6.0-py3-none-any.whl", hash = "sha256:e920276dd6813095e9377c0bc5566d94c932c33b27a3e3945d8389c374dd4746", size = 20538, upload-time = "2025-05-15T12:30:06.134Z" },
]

[[package]]
name = "pygments"
version = "2.19.2"
source = { registry = "https://pypi.org/simple" }
sdist = { url = "https://files.pythonhosted.org/packages/b0/77/a5b8c569bf593b0140bde72ea885a803b82086995367bf2037de0159d924/pygments-2.19.2.tar.gz", hash = "sha256:636cb2477cec7f8952536970bc533bc43743542f70392ae026374600add5b887", size = 4968631, upload-time = "2025-06-21T13:39:12.283Z" }
wheels = [
    { url = "https://files.pythonhosted.org/packages/c7/21/705964c7812476f378728bdf590ca4b771ec72385c533964653c68e86bdc/pygments-2.19.2-py3-none-any.whl", hash = "sha256:86540386c03d588bb81d44bc3928634ff26449851e99741617ecb9037ee5ec0b", size = 1225217, upload-time = "2025-06-21T13:39:07.939Z" },
]

[[package]]
name = "pyproject-api"
version = "1.10.0"
source = { registry = "https://pypi.org/simple" }
dependencies = [
    { name = "packaging" },
]
sdist = { url = "https://files.pythonhosted.org/packages/45/7b/c0e1333b61d41c69e59e5366e727b18c4992688caf0de1be10b3e5265f6b/pyproject_api-1.10.0.tar.gz", hash = "sha256:40c6f2d82eebdc4afee61c773ed208c04c19db4c4a60d97f8d7be3ebc0bbb330", size = 22785, upload-time = "2025-10-09T19:12:27.21Z" }
wheels = [
    { url = "https://files.pythonhosted.org/packages/54/cc/cecf97be298bee2b2a37dd360618c819a2a7fd95251d8e480c1f0eb88f3b/pyproject_api-1.10.0-py3-none-any.whl", hash = "sha256:8757c41a79c0f4ab71b99abed52b97ecf66bd20b04fa59da43b5840bac105a09", size = 13218, upload-time = "2025-10-09T19:12:24.428Z" },
]

[[package]]
name = "pytest"
version = "9.0.2"
source = { registry = "https://pypi.org/simple" }
dependencies = [
    { name = "colorama", marker = "sys_platform == 'win32'" },
    { name = "iniconfig" },
    { name = "packaging" },
    { name = "pluggy" },
    { name = "pygments" },
]
sdist = { url = "https://files.pythonhosted.org/packages/d1/db/7ef3487e0fb0049ddb5ce41d3a49c235bf9ad299b6a25d5780a89f19230f/pytest-9.0.2.tar.gz", hash = "sha256:75186651a92bd89611d1d9fc20f0b4345fd827c41ccd5c299a868a05d70edf11", size = 1568901, upload-time = "2025-12-06T21:30:51.014Z" }
wheels = [
    { url = "https://files.pythonhosted.org/packages/3b/ab/b3226f0bd7cdcf710fbede2b3548584366da3b19b5021e74f5bde2a8fa3f/pytest-9.0.2-py3-none-any.whl", hash = "sha256:711ffd45bf766d5264d487b917733b453d917afd2b0ad65223959f59089f875b", size = 374801, upload-time = "2025-12-06T21:30:49.154Z" },
]

[[package]]
name = "ruff"
version = "0.15.1"
source = { registry = "https://pypi.org/simple" }
sdist = { url = "https://files.pythonhosted.org/packages/04/dc/4e6ac71b511b141cf626357a3946679abeba4cf67bc7cc5a17920f31e10d/ruff-0.15.1.tar.gz", hash = "sha256:c590fe13fb57c97141ae975c03a1aedb3d3156030cabd740d6ff0b0d601e203f", size = 4540855, upload-time = "2026-02-12T23:09:09.998Z" }
wheels = [
    { url = "https://files.pythonhosted.org/packages/23/bf/e6e4324238c17f9d9120a9d60aa99a7daaa21204c07fcd84e2ef03bb5fd1/ruff-0.15.1-py3-none-linux_armv6l.whl", hash = "sha256:b101ed7cf4615bda6ffe65bdb59f964e9f4a0d3f85cbf0e54f0ab76d7b90228a", size = 10367819, upload-time = "2026-02-12T23:09:03.598Z" },
    { url = "https://files.pythonhosted.org/packages/b3/ea/c8f89d32e7912269d38c58f3649e453ac32c528f93bb7f4219258be2e7ed/ruff-0.15.1-py3-none-macosx_10_12_x86_64.whl", hash = "sha256:939c995e9277e63ea632cc8d3fae17aa758526f49a9a850d2e7e758bfef46602", size = 10798618, upload-time = "2026-02-12T23:09:22.928Z" },
    { url = "https://files.pythonhosted.org/packages/5e/0f/1d0d88bc862624247d82c20c10d4c0f6bb2f346559d8af281674cf327f15/ruff-0.15.1-py3-none-macosx_11_0_arm64.whl", hash = "sha256:1d83466455fdefe60b8d9c8df81d3c1bbb2115cede53549d3b522ce2bc703899", size = 10148518, upload-time = "2026-02-12T23:08:58.339Z" },
    { url = "https://files.pythonhosted.org/packages/f5/c8/291c49cefaa4a9248e986256df2ade7add79388fe179e0691be06fae6f37/ruff-0.15.1-py3-none-manylinux_2_17_aarch64.manylinux2014_aarch64.whl", hash = "sha256:a9457e3c3291024866222b96108ab2d8265b477e5b1534c7ddb1810904858d16", size = 10518811, upload-time = "2026-02-12T23:09:31.865Z" },
    { url = "https://files.pythonhosted.org/packages/c3/1a/f5707440e5ae43ffa5365cac8bbb91e9665f4a883f560893829cf16a606b/ruff-0.15.1-py3-none-manylinux_2_17_armv7l.manylinux2014_armv7l.whl", hash = "sha256:92c92b003e9d4f7fbd33b1867bb15a1b785b1735069108dfc23821ba045b29bc", size = 10196169, upload-time = "2026-02-12T23:09:17.306Z" },
    { url = "https://files.pythonhosted.org/packages/2a/ff/26ddc8c4da04c8fd3ee65a89c9fb99eaa5c30394269d424461467be2271f/ruff-0.15.1-py3-none-manylinux_2_17_i686.manylinux2014_i686.whl", hash = "sha256:1fe5c41ab43e3a06778844c586251eb5a510f67125427625f9eb2b9526535779", size = 10990491, upload-time = "2026-02-12T23:09:25.503Z" },
    { url = "https://files.pythonhosted.org/packages/fc/00/50920cb385b89413f7cdb4bb9bc8fc59c1b0f30028d8bccc294189a54955/ruff-0.15.1-py3-none-manylinux_2_17_ppc64le.manylinux2014_ppc64le.whl", hash = "sha256:66a6dd6df4d80dc382c6484f8ce1bcceb55c32e9f27a8b94c32f6c7331bf14fb", size = 11843280, upload-time = "2026-02-12T23:09:19.88Z" },
    { url = "https://files.pythonhosted.org/packages/5d/6d/2f5cad8380caf5632a15460c323ae326f1e1a2b5b90a6ee7519017a017ca/ruff-0.15.1-py3-none-manylinux_2_17_s390x.manylinux2014_s390x.whl", hash = "sha256:6a4a42cbb8af0bda9bcd7606b064d7c0bc311a88d141d02f78920be6acb5aa83", size = 11274336, upload-time = "2026-02-12T23:09:14.907Z" },
    { url = "https://files.pythonhosted.org/packages/a3/1d/5f56cae1d6c40b8a318513599b35ea4b075d7dc1cd1d04449578c29d1d75/ruff-0.15.1-py3-none-manylinux_2_17_x86_64.manylinux2014_x86_64.whl", hash = "sha256:4ab064052c31dddada35079901592dfba2e05f5b1e43af3954aafcbc1096a5b2", size = 11137288, upload-time = "2026-02-12T23:09:07.475Z" },
    { url = "https://files.pythonhosted.org/packages/cd/20/6f8d7d8f768c93b0382b33b9306b3b999918816da46537d5a61635514635/ruff-0.15.1-py3-none-manylinux_2_31_riscv64.whl", hash = "sha256:5631c940fe9fe91f817a4c2ea4e81f47bee3ca4aa646134a24374f3c19ad9454", size = 11070681, upload-time = "2026-02-12T23:08:55.43Z" },
    { url = "https://files.pythonhosted.org/packages/9a/67/d640ac76069f64cdea59dba02af2e00b1fa30e2103c7f8d049c0cff4cafd/ruff-0.15.1-py3-none-musllinux_1_2_aarch64.whl", hash = "sha256:68138a4ba184b4691ccdc39f7795c66b3c68160c586519e7e8444cf5a53e1b4c", size = 10486401, upload-time = "2026-02-12T23:09:27.927Z" },
    { url = "https://files.pythonhosted.org/packages/65/3d/e1429f64a3ff89297497916b88c32a5cc88eeca7e9c787072d0e7f1d3e1e/ruff-0.15.1-py3-none-musllinux_1_2_armv7l.whl", hash = "sha256:518f9af03bfc33c03bdb4cb63fabc935341bb7f54af500f92ac309ecfbba6330", size = 10197452, upload-time = "2026-02-12T23:09:12.147Z" },
    { url = "https://files.pythonhosted.org/packages/78/83/e2c3bade17dad63bf1e1c2ffaf11490603b760be149e1419b07049b36ef2/ruff-0.15.1-py3-none-musllinux_1_2_i686.whl", hash = "sha256:da79f4d6a826caaea95de0237a67e33b81e6ec2e25fc7e1993a4015dffca7c61", size = 10693900, upload-time = "2026-02-12T23:09:34.418Z" },
    { url = "https://files.pythonhosted.org/packages/a1/27/fdc0e11a813e6338e0706e8b39bb7a1d61ea5b36873b351acee7e524a72a/ruff-0.15.1-py3-none-musllinux_1_2_x86_64.whl", hash = "sha256:3dd86dccb83cd7d4dcfac303ffc277e6048600dfc22e38158afa208e8bf94a1f", size = 11227302, upload-time = "2026-02-12T23:09:36.536Z" },
    { url = "https://files.pythonhosted.org/packages/f6/58/ac864a75067dcbd3b95be5ab4eb2b601d7fbc3d3d736a27e391a4f92a5c1/ruff-0.15.1-py3-none-win32.whl", hash = "sha256:660975d9cb49b5d5278b12b03bb9951d554543a90b74ed5d366b20e2c57c2098", size = 10462555, upload-time = "2026-02-12T23:09:29.899Z" },
    { url = "https://files.pythonhosted.org/packages/e0/5e/d4ccc8a27ecdb78116feac4935dfc39d1304536f4296168f91ed3ec00cd2/ruff-0.15.1-py3-none-win_amd64.whl", hash = "sha256:c820fef9dd5d4172a6570e5721704a96c6679b80cf7be41659ed439653f62336", size = 11599956, upload-time = "2026-02-12T23:09:01.157Z" },
    { url = "https://files.pythonhosted.org/packages/2a/07/5bda6a85b220c64c65686bc85bd0bbb23b29c62b3a9f9433fa55f17cda93/ruff-0.15.1-py3-none-win_arm64.whl", hash = "sha256:5ff7d5f0f88567850f45081fac8f4ec212be8d0b963e385c3f7d0d2eb4899416", size = 10874604, upload-time = "2026-02-12T23:09:05.515Z" },
]

[[package]]
name = "tox"
version = "4.40.0"
source = { registry = "https://pypi.org/simple" }
dependencies = [
    { name = "cachetools" },
    { name = "chardet" },
    { name = "colorama" },
    { name = "filelock" },
    { name = "packaging" },
    { name = "platformdirs" },
    { name = "pluggy" },
    { name = "pyproject-api" },
    { name = "virtualenv" },
]
sdist = { url = "https://files.pythonhosted.org/packages/d1/60/4afd649154eb5d6221e95f05d60830c6a1ec1cb884d65f8c260e8d4eed85/tox-4.40.0.tar.gz", hash = "sha256:ba1503111fe3ffe8b3427bb491d99c0b2c865f36f94c7b91f73c485e81aa7bd2", size = 227048, upload-time = "2026-02-19T05:51:46.529Z" }
wheels = [
    { url = "https://files.pythonhosted.org/packages/ab/b9/7a5d14e559acf16c9223514158617c1f954771814c96f942ea0641ac0809/tox-4.40.0-py3-none-any.whl", hash = "sha256:9bffdca463154a13cb79a33a9e6927f35577b304c9442e583a60f0ec491b9168", size = 187757, upload-time = "2026-02-19T05:51:44.852Z" },
]

[[package]]
name = "tox-uv"
version = "1.29.0"
source = { registry = "https://pypi.org/simple" }
dependencies = [
    { name = "packaging" },
    { name = "tox" },
    { name = "uv" },
]
sdist = { url = "https://files.pythonhosted.org/packages/4f/90/06752775b8cfadba8856190f5beae9f552547e0f287e0246677972107375/tox_uv-1.29.0.tar.gz", hash = "sha256:30fa9e6ad507df49d3c6a2f88894256bcf90f18e240a00764da6ecab1db24895", size = 23427, upload-time = "2025-10-09T20:40:27.384Z" }
wheels = [
    { url = "https://files.pythonhosted.org/packages/5c/17/221d62937c4130b044bb437caac4181e7e13d5536bbede65264db1f0ac9f/tox_uv-1.29.0-py3-none-any.whl", hash = "sha256:b1d251286edeeb4bc4af1e24c8acfdd9404700143c2199ccdbb4ea195f7de6cc", size = 17254, upload-time = "2025-10-09T20:40:25.885Z" },
]

[[package]]
name = "typing-extensions"
version = "4.15.0"
source = { registry = "https://pypi.org/simple" }
sdist = { url = "https://files.pythonhosted.org/packages/72/94/1a15dd82efb362ac84269196e94cf00f187f7ed21c242792a923cdb1c61f/typing_extensions-4.15.0.tar.gz", hash = "sha256:0cea48d173cc12fa28ecabc3b837ea3cf6f38c6d1136f85cbaaf598984861466", size = 109391, upload-time = "2025-08-25T13:49:26.313Z" }
wheels = [
    { url = "https://files.pythonhosted.org/packages/18/67/36e9267722cc04a6b9f15c7f3441c2363321a3ea07da7ae0c0707beb2a9c/typing_extensions-4.15.0-py3-none-any.whl", hash = "sha256:f0fa19c6845758ab08074a0cfa8b7aecb71c999ca73d62883bc25cc018c4e548", size = 44614, upload-time = "2025-08-25T13:49:24.86Z" },
]

[[package]]
name = "uv"
version = "0.9.10"
source = { registry = "https://pypi.org/simple" }
sdist = { url = "https://files.pythonhosted.org/packages/c7/42/18d158032c594110e7dab012931a3cd6a09f4dec801854dc877a3c6e865a/uv-0.9.10.tar.gz", hash = "sha256:84128ca76a665fe0584bff6ef913741d5615a4187c1aaed81739d519e669cfbd", size = 3738676, upload-time = "2025-11-17T17:02:36.069Z" }
wheels = [
    { url = "https://files.pythonhosted.org/packages/1d/d2/68f07f3b96539b986d36a6f2b03f9f8484373f7d8f05949221be1a1f9993/uv-0.9.10-py3-none-linux_armv6l.whl", hash = "sha256:a02b27e00afe0d7908fbb9ec61ad5338508e02356138a8a718af239fe773dd2e", size = 20522030, upload-time = "2025-11-17T17:01:48.503Z" },
    { url = "https://files.pythonhosted.org/packages/27/67/763da49b0dfafb5465376e29e176f56c3f1ca79a38ef59983fe5d62dd371/uv-0.9.10-py3-none-macosx_10_12_x86_64.whl", hash = "sha256:3c2ddc0bca2e4b7e31623a17d60ea5f8d1ee4ff3ee27ddbf884e089e57cd0c93", size = 19627118, upload-time = "2025-11-17T17:01:51.736Z" },
    { url = "https://files.pythonhosted.org/packages/b7/e8/5b5b5a719830ee5505bddf35082f6dc41569dab8fb6761626e5034c27748/uv-0.9.10-py3-none-macosx_11_0_arm64.whl", hash = "sha256:8c8969d54c9f603107445a23f36fba03a0dfa4c75b3ada2faf94ed371f26f3a4", size = 18174169, upload-time = "2025-11-17T17:01:54.034Z" },
    { url = "https://files.pythonhosted.org/packages/35/6b/4c074cab3bf483a172bec905e1696269b0222d73fd8dc890388da8b110c9/uv-0.9.10-py3-none-manylinux_2_17_aarch64.manylinux2014_aarch64.musllinux_1_1_aarch64.whl", hash = "sha256:c9a326f04b670f1af2d9fa90e50af57a9a872a8dc90bb377d0c27b2030438ffc", size = 19950337, upload-time = "2025-11-17T17:01:56.35Z" },
    { url = "https://files.pythonhosted.org/packages/45/9d/a8930ce9f5247629335de32dd97f19b955f86fb7524ea268f17181c3bccc/uv-0.9.10-py3-none-manylinux_2_17_armv7l.manylinux2014_armv7l.whl", hash = "sha256:55ecddf19314f7da5b8dea6bcfcc86f5769dd7d22106c731e8e6cfbf3fa6b98d", size = 20123165, upload-time = "2025-11-17T17:01:58.668Z" },
    { url = "https://files.pythonhosted.org/packages/c5/4b/3b136c1effa53ab84bc72f66cbc3aca0013fad6581d9c03c2989635b3be1/uv-0.9.10-py3-none-manylinux_2_17_i686.manylinux2014_i686.whl", hash = "sha256:763cf33c7c5ab490323fab667b24f66412c3c3ca58e86b56e13fc0109d031a1b", size = 21024525, upload-time = "2025-11-17T17:02:01.022Z" },
    { url = "https://files.pythonhosted.org/packages/64/f8/7aab6deb6362431edd670c2885d802ced2cb045fd4f73df462c9c8b05f32/uv-0.9.10-py3-none-manylinux_2_17_ppc64.manylinux2014_ppc64.whl", hash = "sha256:5e7a86eb5edbb9064b1401522eb10c5bd25ff56c04cd0ed253d0cd088a448bef", size = 22578222, upload-time = "2025-11-17T17:02:03.333Z" },
    { url = "https://files.pythonhosted.org/packages/7d/5c/658647132d2c2396bd484b9ee42ab9a0a3f439a14b59e91c48b66b6b7403/uv-0.9.10-py3-none-manylinux_2_17_ppc64le.manylinux2014_ppc64le.whl", hash = "sha256:3c133e34feca0823d952a1d323d1d47f2b35e13154de5ca293d188f5b8792a62", size = 22205447, upload-time = "2025-11-17T17:02:05.706Z" },
    { url = "https://files.pythonhosted.org/packages/80/22/b4c766d855aaefd3797c6e296af4b006d560b78cec5f3041902cd6d7abce/uv-0.9.10-py3-none-manylinux_2_17_s390x.manylinux2014_s390x.whl", hash = "sha256:92d4b58ef810eaf5edf95c607d613ff240ab903ee599af1d687f891ab64b4129", size = 21247210, upload-time = "2025-11-17T17:02:08.312Z" },
    { url = "https://files.pythonhosted.org/packages/a2/0c/4b705b613237519e8640baaa1fe4809ddef2482ad7b82ea807c71e5ddb5d/uv-0.9.10-py3-none-manylinux_2_17_x86_64.manylinux2014_x86_64.whl", hash = "sha256:21981bc859802c94d4b8f026b8734d39e8146baac703f1e3eab2e2d87d65ca8c", size = 21389310, upload-time = "2025-11-17T17:02:11.117Z" },
    { url = "https://files.pythonhosted.org/packages/35/44/81df7494107d8473a754fea74e51c8727192a71c11fc4c92aa901e36a255/uv-0.9.10-py3-none-manylinux_2_28_aarch64.whl", hash = "sha256:110fd2062dccc4825f96cef0007f6bbb6f5da117af50415bed6f6dcd5e1e3603", size = 20062308, upload-time = "2025-11-17T17:02:14.437Z" },
    { url = "https://files.pythonhosted.org/packages/d5/b5/0919100138d2cdb2f4f058a0e7c6fc059aad1914b1f6637c7fcfe2e670d9/uv-0.9.10-py3-none-manylinux_2_31_riscv64.whl", hash = "sha256:b0a0c4594871de9e8b12c9e10982dc83e2414b712a34e84860fac9fbc8510c5a", size = 21182524, upload-time = "2025-11-17T17:02:16.844Z" },
    { url = "https://files.pythonhosted.org/packages/43/f5/deb8be34797f71ae72f690da26b388682cc478bda630822fff7bc90e80f3/uv-0.9.10-py3-none-musllinux_1_1_armv7l.whl", hash = "sha256:516d1c5549912696ba68376d2652661ed327199a9ec15763f7baa29bc75b35ec", size = 20084575, upload-time = "2025-11-17T17:02:19.174Z" },
    { url = "https://files.pythonhosted.org/packages/f1/da/4e51d384669103a9ba8ede1ecf1c99c932148bdb365794ac586f90e5296f/uv-0.9.10-py3-none-musllinux_1_1_i686.whl", hash = "sha256:780a7af4a7dfb0894a8d367b5c3a48f926480f465a34aa4a8633d6e4f521e517", size = 20495061, upload-time = "2025-11-17T17:02:21.978Z" },
    { url = "https://files.pythonhosted.org/packages/78/9f/c16fb7e0290744a22987ffb9700c69fe1e459e199e04f3e881ce05d032e4/uv-0.9.10-py3-none-musllinux_1_1_x86_64.whl", hash = "sha256:4e256d3cc542f73435b27a3d0bf2a6b0f9d2dd6dd5c8df1a8028834deb896819", size = 21601257, upload-time = "2025-11-17T17:02:24.646Z" },
    { url = "https://files.pythonhosted.org/packages/b1/f9/ea01841fe2660add4b8fbc2b3a34e8d4f812d9bdaeeeead5470e1142b4be/uv-0.9.10-py3-none-win32.whl", hash = "sha256:dfcc3cd5765158e82a0f52066462e378887aac01b347b588907fe3290af92356", size = 19338075, upload-time = "2025-11-17T17:02:28.007Z" },
    { url = "https://files.pythonhosted.org/packages/43/c3/72dbdf10ea0e70ca47248aaa25122df9dfa7a7e85e96ba6031cafc67cb02/uv-0.9.10-py3-none-win_amd64.whl", hash = "sha256:9ee9027eb98cf5a99d9a3d5ddab7048745e2e49d572869044f66772e17f57792", size = 21367277, upload-time = "2025-11-17T17:02:30.672Z" },
    { url = "https://files.pythonhosted.org/packages/6c/9d/b38be12b524dbd28dcdc99cfd88f6f3f792823258b96efb6d691025872cb/uv-0.9.10-py3-none-win_arm64.whl", hash = "sha256:d4903e73f5e281ce5c3def60014bef93d2d1a148901653e222470ce54987f4a1", size = 19770409, upload-time = "2025-11-17T17:02:34.057Z" },
]

[[package]]
name = "virtualenv"
version = "20.36.1"
source = { registry = "https://pypi.org/simple" }
dependencies = [
    { name = "distlib" },
    { name = "filelock" },
    { name = "platformdirs" },
]
sdist = { url = "https://files.pythonhosted.org/packages/aa/a3/4d310fa5f00863544e1d0f4de93bddec248499ccf97d4791bc3122c9d4f3/virtualenv-20.36.1.tar.gz", hash = "sha256:8befb5c81842c641f8ee658481e42641c68b5eab3521d8e092d18320902466ba", size = 6032239, upload-time = "2026-01-09T18:21:01.296Z" }
wheels = [
    { url = "https://files.pythonhosted.org/packages/6a/2a/dc2228b2888f51192c7dc766106cd475f1b768c10caaf9727659726f7391/virtualenv-20.36.1-py3-none-any.whl", hash = "sha256:575a8d6b124ef88f6f51d56d656132389f961062a9177016a50e4f507bbcc19f", size = 6008258, upload-time = "2026-01-09T18:20:59.425Z" },
]
